// !$*UTF8*$!
{
	archiveVersion = 1;
	classes = {
	};
	objectVersion = 46;
	objects = {

/* Begin PBXBuildFile section */
		BF_105315557498 /* BrightFuturesTests.swift in Sources */ = {isa = PBXBuildFile; fileRef = FR_314043187135 /* BrightFuturesTests.swift */; };
		BF_110661437502 /* AsyncType.swift in Sources */ = {isa = PBXBuildFile; fileRef = FR_707954741551 /* AsyncType.swift */; };
		BF_113347649212 /* AsyncType+Debug.swift in Sources */ = {isa = PBXBuildFile; fileRef = FR_834870766049 /* AsyncType+Debug.swift */; };
		BF_127246665284 /* MutableAsyncType.swift in Sources */ = {isa = PBXBuildFile; fileRef = FR_494993621646 /* MutableAsyncType.swift */; };
		BF_137573868913 /* Number+BrightFutures.swift in Sources */ = {isa = PBXBuildFile; fileRef = FR_890787336997 /* Number+BrightFutures.swift */; };
		BF_157125264763 /* Promise.swift in Sources */ = {isa = PBXBuildFile; fileRef = FR_139672448824 /* Promise.swift */; };
		BF_163935741776 /* QueueTests.swift in Sources */ = {isa = PBXBuildFile; fileRef = FR_351967037487 /* QueueTests.swift */; };
		BF_184957381170 /* ExecutionContextTests.swift in Sources */ = {isa = PBXBuildFile; fileRef = FR_553323075973 /* ExecutionContextTests.swift */; };
		BF_196943327472 /* AsyncType.swift in Sources */ = {isa = PBXBuildFile; fileRef = FR_707954741551 /* AsyncType.swift */; };
		BF_200473615708 /* FutureDebugTests.swift in Sources */ = {isa = PBXBuildFile; fileRef = FR_350473159873 /* FutureDebugTests.swift */; };
		BF_212298303650 /* ExecutionContext.swift in Sources */ = {isa = PBXBuildFile; fileRef = FR_543560233285 /* ExecutionContext.swift */; };
		BF_212818418558 /* ErrorsTests.swift in Sources */ = {isa = PBXBuildFile; fileRef = FR_871592382090 /* ErrorsTests.swift */; };
		BF_213764479718 /* Result+BrightFutures.swift in Sources */ = {isa = PBXBuildFile; fileRef = FR_363441923599 /* Result+BrightFutures.swift */; };
		BF_222893972534 /* AsyncType+ResultType.swift in Sources */ = {isa = PBXBuildFile; fileRef = FR_116138071781 /* AsyncType+ResultType.swift */; };
		BF_234303348071 /* Result+BrightFutures.swift in Sources */ = {isa = PBXBuildFile; fileRef = FR_363441923599 /* Result+BrightFutures.swift */; };
		BF_238978401118 /* FutureDebugTests.swift in Sources */ = {isa = PBXBuildFile; fileRef = FR_350473159873 /* FutureDebugTests.swift */; };
		BF_240083490599 /* BrightFutures.framework in Frameworks */ = {isa = PBXBuildFile; fileRef = FR_289608744573 /* BrightFutures.framework */; };
		BF_247648245671 /* AsyncType+ResultType.swift in Sources */ = {isa = PBXBuildFile; fileRef = FR_116138071781 /* AsyncType+ResultType.swift */; };
		BF_247851152439 /* NSOperationQueue+BrightFutures.swift in Sources */ = {isa = PBXBuildFile; fileRef = FR_150794406910 /* NSOperationQueue+BrightFutures.swift */; };
		BF_257460641309 /* AsyncType+ResultType.swift in Sources */ = {isa = PBXBuildFile; fileRef = FR_116138071781 /* AsyncType+ResultType.swift */; };
		BF_259641496351 /* ExecutionContextTests.swift in Sources */ = {isa = PBXBuildFile; fileRef = FR_553323075973 /* ExecutionContextTests.swift */; };
		BF_259902398751 /* InvalidationToken.swift in Sources */ = {isa = PBXBuildFile; fileRef = FR_234262778218 /* InvalidationToken.swift */; };
		BF_276191555257 /* NSOperationQueueTests.swift in Sources */ = {isa = PBXBuildFile; fileRef = FR_472175362710 /* NSOperationQueueTests.swift */; };
		BF_280142603025 /* ErrorsTests.swift in Sources */ = {isa = PBXBuildFile; fileRef = FR_871592382090 /* ErrorsTests.swift */; };
		BF_281360398515 /* Result.framework in Frameworks */ = {isa = PBXBuildFile; fileRef = FR_669811003841 /* Result.framework */; };
		BF_284619951709 /* ExecutionContext.swift in Sources */ = {isa = PBXBuildFile; fileRef = FR_543560233285 /* ExecutionContext.swift */; };
		BF_288391698356 /* Promise.swift in Sources */ = {isa = PBXBuildFile; fileRef = FR_139672448824 /* Promise.swift */; };
		BF_295157306865 /* Result.framework in Frameworks */ = {isa = PBXBuildFile; fileRef = FR_131384036341 /* Result.framework */; };
		BF_296161795866 /* Result.framework in Frameworks */ = {isa = PBXBuildFile; fileRef = FR_131384036341 /* Result.framework */; };
		"BF_296161795866-1" /* Result.framework in CopyFiles */ = {isa = PBXBuildFile; fileRef = FR_131384036341 /* Result.framework */; settings = {ATTRIBUTES = (CodeSignOnCopy, RemoveHeadersOnCopy, ); }; };
		BF_306884611048 /* Result.framework in Frameworks */ = {isa = PBXBuildFile; fileRef = FR_763057275314 /* Result.framework */; };
		BF_308640968499 /* InvalidationTokenTests.swift in Sources */ = {isa = PBXBuildFile; fileRef = FR_337555537900 /* InvalidationTokenTests.swift */; };
		BF_315473688272 /* ErrorsTests.swift in Sources */ = {isa = PBXBuildFile; fileRef = FR_871592382090 /* ErrorsTests.swift */; };
		BF_321049540856 /* ExecutionContextTests.swift in Sources */ = {isa = PBXBuildFile; fileRef = FR_553323075973 /* ExecutionContextTests.swift */; };
		BF_324114232106 /* ErrorsTests.swift in Sources */ = {isa = PBXBuildFile; fileRef = FR_871592382090 /* ErrorsTests.swift */; };
		BF_325414686970 /* Async.swift in Sources */ = {isa = PBXBuildFile; fileRef = FR_171080455908 /* Async.swift */; };
		BF_331062203251 /* Result+BrightFutures.swift in Sources */ = {isa = PBXBuildFile; fileRef = FR_363441923599 /* Result+BrightFutures.swift */; };
		BF_334540872108 /* ResultTests.swift in Sources */ = {isa = PBXBuildFile; fileRef = FR_737503139158 /* ResultTests.swift */; };
		BF_344914576194 /* BrightFutures.framework in Frameworks */ = {isa = PBXBuildFile; fileRef = FR_323636854761 /* BrightFutures.framework */; };
		BF_346922816286 /* Future.swift in Sources */ = {isa = PBXBuildFile; fileRef = FR_480938011949 /* Future.swift */; };
		BF_347825104741 /* Future.swift in Sources */ = {isa = PBXBuildFile; fileRef = FR_480938011949 /* Future.swift */; };
		BF_349358313439 /* NSOperationQueueTests.swift in Sources */ = {isa = PBXBuildFile; fileRef = FR_472175362710 /* NSOperationQueueTests.swift */; };
		BF_380997192957 /* Errors.swift in Sources */ = {isa = PBXBuildFile; fileRef = FR_482395138481 /* Errors.swift */; };
		BF_405116783827 /* Errors.swift in Sources */ = {isa = PBXBuildFile; fileRef = FR_482395138481 /* Errors.swift */; };
		BF_406600449461 /* FutureDebugTests.swift in Sources */ = {isa = PBXBuildFile; fileRef = FR_350473159873 /* FutureDebugTests.swift */; };
		BF_409991536248 /* Dispatch+BrightFutures.swift in Sources */ = {isa = PBXBuildFile; fileRef = FR_107698336297 /* Dispatch+BrightFutures.swift */; };
		BF_411399571895 /* NSOperationQueue+BrightFutures.swift in Sources */ = {isa = PBXBuildFile; fileRef = FR_150794406910 /* NSOperationQueue+BrightFutures.swift */; };
		BF_416328902025 /* Errors.swift in Sources */ = {isa = PBXBuildFile; fileRef = FR_482395138481 /* Errors.swift */; };
		BF_417714170472 /* ExecutionContext.swift in Sources */ = {isa = PBXBuildFile; fileRef = FR_543560233285 /* ExecutionContext.swift */; };
		BF_432360225149 /* Future.swift in Sources */ = {isa = PBXBuildFile; fileRef = FR_480938011949 /* Future.swift */; };
		BF_436722490356 /* AsyncType+Debug.swift in Sources */ = {isa = PBXBuildFile; fileRef = FR_834870766049 /* AsyncType+Debug.swift */; };
		BF_439429449578 /* MutableAsyncType+ResultType.swift in Sources */ = {isa = PBXBuildFile; fileRef = FR_227505310244 /* MutableAsyncType+ResultType.swift */; };
		BF_444278974296 /* BrightFutures.framework in Frameworks */ = {isa = PBXBuildFile; fileRef = FR_392316663894 /* BrightFutures.framework */; };
		BF_451224014160 /* InvalidationTokenTests.swift in Sources */ = {isa = PBXBuildFile; fileRef = FR_337555537900 /* InvalidationTokenTests.swift */; };
		BF_462179538598 /* ExecutionContextTests.swift in Sources */ = {isa = PBXBuildFile; fileRef = FR_553323075973 /* ExecutionContextTests.swift */; };
		BF_466940524908 /* InvalidationTokenTests.swift in Sources */ = {isa = PBXBuildFile; fileRef = FR_337555537900 /* InvalidationTokenTests.swift */; };
		BF_476803405726 /* Result+BrightFutures.swift in Sources */ = {isa = PBXBuildFile; fileRef = FR_363441923599 /* Result+BrightFutures.swift */; };
		BF_492965067654 /* AsyncType.swift in Sources */ = {isa = PBXBuildFile; fileRef = FR_707954741551 /* AsyncType.swift */; };
		BF_496153030500 /* NSOperationQueue+BrightFutures.swift in Sources */ = {isa = PBXBuildFile; fileRef = FR_150794406910 /* NSOperationQueue+BrightFutures.swift */; };
		BF_498007743164 /* SequenceType+BrightFutures.swift in Sources */ = {isa = PBXBuildFile; fileRef = FR_629639612584 /* SequenceType+BrightFutures.swift */; };
		BF_499021974389 /* Dispatch+BrightFutures.swift in Sources */ = {isa = PBXBuildFile; fileRef = FR_107698336297 /* Dispatch+BrightFutures.swift */; };
		BF_500397772877 /* PromiseTests.swift in Sources */ = {isa = PBXBuildFile; fileRef = FR_267366333607 /* PromiseTests.swift */; };
		BF_506579419458 /* Errors.swift in Sources */ = {isa = PBXBuildFile; fileRef = FR_482395138481 /* Errors.swift */; };
		BF_533251450254 /* BrightFuturesTests.swift in Sources */ = {isa = PBXBuildFile; fileRef = FR_314043187135 /* BrightFuturesTests.swift */; };
		BF_539896024536 /* MutableAsyncType+ResultType.swift in Sources */ = {isa = PBXBuildFile; fileRef = FR_227505310244 /* MutableAsyncType+ResultType.swift */; };
		BF_540024852281 /* SequenceType+BrightFutures.swift in Sources */ = {isa = PBXBuildFile; fileRef = FR_629639612584 /* SequenceType+BrightFutures.swift */; };
		BF_544117242151 /* BrightFutures.framework in Frameworks */ = {isa = PBXBuildFile; fileRef = FR_193655699655 /* BrightFutures.framework */; };
		BF_546557826616 /* AsyncType.swift in Sources */ = {isa = PBXBuildFile; fileRef = FR_707954741551 /* AsyncType.swift */; };
		BF_546572965699 /* Dispatch+BrightFutures.swift in Sources */ = {isa = PBXBuildFile; fileRef = FR_107698336297 /* Dispatch+BrightFutures.swift */; };
		BF_549187069575 /* PromiseTests.swift in Sources */ = {isa = PBXBuildFile; fileRef = FR_267366333607 /* PromiseTests.swift */; };
		BF_556179549018 /* FutureDebugTests.swift in Sources */ = {isa = PBXBuildFile; fileRef = FR_350473159873 /* FutureDebugTests.swift */; };
		BF_560294571567 /* NSOperationQueueTests.swift in Sources */ = {isa = PBXBuildFile; fileRef = FR_472175362710 /* NSOperationQueueTests.swift */; };
		BF_563660929828 /* MutableAsyncType.swift in Sources */ = {isa = PBXBuildFile; fileRef = FR_494993621646 /* MutableAsyncType.swift */; };
		BF_573815463130 /* Promise.swift in Sources */ = {isa = PBXBuildFile; fileRef = FR_139672448824 /* Promise.swift */; };
		BF_599468866160 /* Async.swift in Sources */ = {isa = PBXBuildFile; fileRef = FR_171080455908 /* Async.swift */; };
		BF_625215232854 /* AsyncType+Debug.swift in Sources */ = {isa = PBXBuildFile; fileRef = FR_834870766049 /* AsyncType+Debug.swift */; };
		BF_630557246244 /* InvalidationToken.swift in Sources */ = {isa = PBXBuildFile; fileRef = FR_234262778218 /* InvalidationToken.swift */; };
		BF_645097505204 /* Result.framework in Frameworks */ = {isa = PBXBuildFile; fileRef = FR_584425140013 /* Result.framework */; };
		BF_646666199496 /* InvalidationToken.swift in Sources */ = {isa = PBXBuildFile; fileRef = FR_234262778218 /* InvalidationToken.swift */; };
		BF_647450616502 /* SequenceType+BrightFutures.swift in Sources */ = {isa = PBXBuildFile; fileRef = FR_629639612584 /* SequenceType+BrightFutures.swift */; };
		BF_654952557971 /* MutableAsyncType.swift in Sources */ = {isa = PBXBuildFile; fileRef = FR_494993621646 /* MutableAsyncType.swift */; };
		BF_657949453694 /* Async.swift in Sources */ = {isa = PBXBuildFile; fileRef = FR_171080455908 /* Async.swift */; };
		BF_663194144293 /* Future.swift in Sources */ = {isa = PBXBuildFile; fileRef = FR_480938011949 /* Future.swift */; };
		BF_667605744137 /* QueueTests.swift in Sources */ = {isa = PBXBuildFile; fileRef = FR_351967037487 /* QueueTests.swift */; };
		BF_669868255828 /* QueueTests.swift in Sources */ = {isa = PBXBuildFile; fileRef = FR_351967037487 /* QueueTests.swift */; };
		BF_680883538857 /* MutableAsyncType.swift in Sources */ = {isa = PBXBuildFile; fileRef = FR_494993621646 /* MutableAsyncType.swift */; };
		BF_691058952034 /* Result.framework in Frameworks */ = {isa = PBXBuildFile; fileRef = FR_763057275314 /* Result.framework */; };
		BF_694800210501 /* Number+BrightFutures.swift in Sources */ = {isa = PBXBuildFile; fileRef = FR_890787336997 /* Number+BrightFutures.swift */; };
		BF_699977170555 /* QueueTests.swift in Sources */ = {isa = PBXBuildFile; fileRef = FR_351967037487 /* QueueTests.swift */; };
		BF_700207530859 /* NSOperationQueue+BrightFutures.swift in Sources */ = {isa = PBXBuildFile; fileRef = FR_150794406910 /* NSOperationQueue+BrightFutures.swift */; };
		BF_731823190645 /* AsyncType+Debug.swift in Sources */ = {isa = PBXBuildFile; fileRef = FR_834870766049 /* AsyncType+Debug.swift */; };
		BF_759016305566 /* ResultTests.swift in Sources */ = {isa = PBXBuildFile; fileRef = FR_737503139158 /* ResultTests.swift */; };
		BF_759159319745 /* ResultTests.swift in Sources */ = {isa = PBXBuildFile; fileRef = FR_737503139158 /* ResultTests.swift */; };
		BF_767470020873 /* AsyncType+ResultType.swift in Sources */ = {isa = PBXBuildFile; fileRef = FR_116138071781 /* AsyncType+ResultType.swift */; };
		BF_797622985468 /* ExecutionContext.swift in Sources */ = {isa = PBXBuildFile; fileRef = FR_543560233285 /* ExecutionContext.swift */; };
		BF_799324643984 /* BrightFuturesTests.swift in Sources */ = {isa = PBXBuildFile; fileRef = FR_314043187135 /* BrightFuturesTests.swift */; };
		BF_803719442321 /* Dispatch+BrightFutures.swift in Sources */ = {isa = PBXBuildFile; fileRef = FR_107698336297 /* Dispatch+BrightFutures.swift */; };
		BF_812816517126 /* Async.swift in Sources */ = {isa = PBXBuildFile; fileRef = FR_171080455908 /* Async.swift */; };
		BF_816531437684 /* Promise.swift in Sources */ = {isa = PBXBuildFile; fileRef = FR_139672448824 /* Promise.swift */; };
		BF_829260072737 /* PromiseTests.swift in Sources */ = {isa = PBXBuildFile; fileRef = FR_267366333607 /* PromiseTests.swift */; };
		BF_838211782463 /* InvalidationToken.swift in Sources */ = {isa = PBXBuildFile; fileRef = FR_234262778218 /* InvalidationToken.swift */; };
		BF_847578762417 /* Result.framework in Frameworks */ = {isa = PBXBuildFile; fileRef = FR_669811003841 /* Result.framework */; };
		BF_853090237140 /* Result.framework in Frameworks */ = {isa = PBXBuildFile; fileRef = FR_584425140013 /* Result.framework */; };
		BF_877301300454 /* SequenceType+BrightFutures.swift in Sources */ = {isa = PBXBuildFile; fileRef = FR_629639612584 /* SequenceType+BrightFutures.swift */; };
		BF_881838886005 /* Number+BrightFutures.swift in Sources */ = {isa = PBXBuildFile; fileRef = FR_890787336997 /* Number+BrightFutures.swift */; };
		BF_896172091029 /* ResultTests.swift in Sources */ = {isa = PBXBuildFile; fileRef = FR_737503139158 /* ResultTests.swift */; };
		BF_901246654619 /* Number+BrightFutures.swift in Sources */ = {isa = PBXBuildFile; fileRef = FR_890787336997 /* Number+BrightFutures.swift */; };
		BF_902463514438 /* InvalidationTokenTests.swift in Sources */ = {isa = PBXBuildFile; fileRef = FR_337555537900 /* InvalidationTokenTests.swift */; };
		BF_913530557143 /* NSOperationQueueTests.swift in Sources */ = {isa = PBXBuildFile; fileRef = FR_472175362710 /* NSOperationQueueTests.swift */; };
		BF_913935146515 /* MutableAsyncType+ResultType.swift in Sources */ = {isa = PBXBuildFile; fileRef = FR_227505310244 /* MutableAsyncType+ResultType.swift */; };
		BF_918069026819 /* PromiseTests.swift in Sources */ = {isa = PBXBuildFile; fileRef = FR_267366333607 /* PromiseTests.swift */; };
		BF_921108577622 /* BrightFuturesTests.swift in Sources */ = {isa = PBXBuildFile; fileRef = FR_314043187135 /* BrightFuturesTests.swift */; };
		BF_930805392284 /* MutableAsyncType+ResultType.swift in Sources */ = {isa = PBXBuildFile; fileRef = FR_227505310244 /* MutableAsyncType+ResultType.swift */; };
/* End PBXBuildFile section */

/* Begin PBXContainerItemProxy section */
		CIP_41022731112 /* PBXContainerItemProxy */ = {
			isa = PBXContainerItemProxy;
			containerPortal = P_1056384915034 /* Project object */;
			proxyType = 1;
			remoteGlobalIDString = NT_323636854761;
			remoteInfo = "BrightFutures-watchOS";
		};
		CIP_47759552060 /* PBXContainerItemProxy */ = {
			isa = PBXContainerItemProxy;
			containerPortal = P_1056384915034 /* Project object */;
			proxyType = 1;
			remoteGlobalIDString = NT_193655699655;
			remoteInfo = "BrightFutures-macOS";
		};
		CIP_58283053123 /* PBXContainerItemProxy */ = {
			isa = PBXContainerItemProxy;
			containerPortal = P_1056384915034 /* Project object */;
			proxyType = 1;
			remoteGlobalIDString = NT_392316663894;
			remoteInfo = "BrightFutures-iOS";
		};
		CIP_77524998029 /* PBXContainerItemProxy */ = {
			isa = PBXContainerItemProxy;
			containerPortal = P_1056384915034 /* Project object */;
			proxyType = 1;
			remoteGlobalIDString = NT_289608744573;
			remoteInfo = "BrightFutures-tvOS";
		};
/* End PBXContainerItemProxy section */

/* Begin PBXCopyFilesBuildPhase section */
		CFBP_6396368171 /* CopyFiles */ = {
			isa = PBXCopyFilesBuildPhase;
			buildActionMask = 2147483647;
			dstPath = "";
			dstSubfolderSpec = 10;
			files = (
				"BF_296161795866-1" /* Result.framework in CopyFiles */,
			);
			runOnlyForDeploymentPostprocessing = 0;
		};
/* End PBXCopyFilesBuildPhase section */

/* Begin PBXFileReference section */
		FR_107698336297 /* Dispatch+BrightFutures.swift */ = {isa = PBXFileReference; lastKnownFileType = sourcecode.swift; path = "Dispatch+BrightFutures.swift"; sourceTree = "<group>"; };
		FR_116138071781 /* AsyncType+ResultType.swift */ = {isa = PBXFileReference; lastKnownFileType = sourcecode.swift; path = "AsyncType+ResultType.swift"; sourceTree = "<group>"; };
		FR_131384036341 /* Result.framework */ = {isa = PBXFileReference; lastKnownFileType = wrapper.framework; path = Result.framework; sourceTree = "<group>"; };
		FR_139672448824 /* Promise.swift */ = {isa = PBXFileReference; lastKnownFileType = sourcecode.swift; path = Promise.swift; sourceTree = "<group>"; };
		FR_150794406910 /* NSOperationQueue+BrightFutures.swift */ = {isa = PBXFileReference; lastKnownFileType = sourcecode.swift; path = "NSOperationQueue+BrightFutures.swift"; sourceTree = "<group>"; };
		FR_171080455908 /* Async.swift */ = {isa = PBXFileReference; lastKnownFileType = sourcecode.swift; path = Async.swift; sourceTree = "<group>"; };
		FR_193655699655 /* BrightFutures.framework */ = {isa = PBXFileReference; explicitFileType = wrapper.framework; includeInIndex = 0; path = BrightFutures.framework; sourceTree = BUILT_PRODUCTS_DIR; };
		FR_227505310244 /* MutableAsyncType+ResultType.swift */ = {isa = PBXFileReference; lastKnownFileType = sourcecode.swift; path = "MutableAsyncType+ResultType.swift"; sourceTree = "<group>"; };
		FR_234262778218 /* InvalidationToken.swift */ = {isa = PBXFileReference; lastKnownFileType = sourcecode.swift; path = InvalidationToken.swift; sourceTree = "<group>"; };
		FR_267366333607 /* PromiseTests.swift */ = {isa = PBXFileReference; lastKnownFileType = sourcecode.swift; path = PromiseTests.swift; sourceTree = "<group>"; };
		FR_289608744573 /* BrightFutures.framework */ = {isa = PBXFileReference; explicitFileType = wrapper.framework; includeInIndex = 0; path = BrightFutures.framework; sourceTree = BUILT_PRODUCTS_DIR; };
		FR_314043187135 /* BrightFuturesTests.swift */ = {isa = PBXFileReference; lastKnownFileType = sourcecode.swift; path = BrightFuturesTests.swift; sourceTree = "<group>"; };
		FR_323636854761 /* BrightFutures.framework */ = {isa = PBXFileReference; explicitFileType = wrapper.framework; includeInIndex = 0; path = BrightFutures.framework; sourceTree = BUILT_PRODUCTS_DIR; };
		FR_337555537900 /* InvalidationTokenTests.swift */ = {isa = PBXFileReference; lastKnownFileType = sourcecode.swift; path = InvalidationTokenTests.swift; sourceTree = "<group>"; };
		FR_350473159873 /* FutureDebugTests.swift */ = {isa = PBXFileReference; lastKnownFileType = sourcecode.swift; path = FutureDebugTests.swift; sourceTree = "<group>"; };
		FR_351967037487 /* QueueTests.swift */ = {isa = PBXFileReference; lastKnownFileType = sourcecode.swift; path = QueueTests.swift; sourceTree = "<group>"; };
		FR_363441923599 /* Result+BrightFutures.swift */ = {isa = PBXFileReference; lastKnownFileType = sourcecode.swift; path = "Result+BrightFutures.swift"; sourceTree = "<group>"; };
		FR_392316663894 /* BrightFutures.framework */ = {isa = PBXFileReference; explicitFileType = wrapper.framework; includeInIndex = 0; path = BrightFutures.framework; sourceTree = BUILT_PRODUCTS_DIR; };
		FR_410227311123 /* BrightFuturesUnitTests.xctest */ = {isa = PBXFileReference; explicitFileType = wrapper.cfbundle; includeInIndex = 0; path = BrightFuturesUnitTests.xctest; sourceTree = BUILT_PRODUCTS_DIR; };
		FR_472175362710 /* NSOperationQueueTests.swift */ = {isa = PBXFileReference; lastKnownFileType = sourcecode.swift; path = NSOperationQueueTests.swift; sourceTree = "<group>"; };
		FR_477595520608 /* BrightFuturesUnitTests.xctest */ = {isa = PBXFileReference; explicitFileType = wrapper.cfbundle; includeInIndex = 0; path = BrightFuturesUnitTests.xctest; sourceTree = BUILT_PRODUCTS_DIR; };
		FR_480938011949 /* Future.swift */ = {isa = PBXFileReference; lastKnownFileType = sourcecode.swift; path = Future.swift; sourceTree = "<group>"; };
		FR_482395138481 /* Errors.swift */ = {isa = PBXFileReference; lastKnownFileType = sourcecode.swift; path = Errors.swift; sourceTree = "<group>"; };
		FR_494993621646 /* MutableAsyncType.swift */ = {isa = PBXFileReference; lastKnownFileType = sourcecode.swift; path = MutableAsyncType.swift; sourceTree = "<group>"; };
		FR_543560233285 /* ExecutionContext.swift */ = {isa = PBXFileReference; lastKnownFileType = sourcecode.swift; path = ExecutionContext.swift; sourceTree = "<group>"; };
		FR_553323075973 /* ExecutionContextTests.swift */ = {isa = PBXFileReference; lastKnownFileType = sourcecode.swift; path = ExecutionContextTests.swift; sourceTree = "<group>"; };
		FR_582830531238 /* BrightFuturesUnitTests.xctest */ = {isa = PBXFileReference; includeInIndex = 0; lastKnownFileType = wrapper.cfbundle; path = BrightFuturesUnitTests.xctest; sourceTree = BUILT_PRODUCTS_DIR; };
		FR_584425140013 /* Result.framework */ = {isa = PBXFileReference; lastKnownFileType = wrapper.framework; path = Result.framework; sourceTree = "<group>"; };
		FR_629639612584 /* SequenceType+BrightFutures.swift */ = {isa = PBXFileReference; lastKnownFileType = sourcecode.swift; path = "SequenceType+BrightFutures.swift"; sourceTree = "<group>"; };
		FR_669811003841 /* Result.framework */ = {isa = PBXFileReference; lastKnownFileType = wrapper.framework; path = Result.framework; sourceTree = "<group>"; };
		FR_707954741551 /* AsyncType.swift */ = {isa = PBXFileReference; lastKnownFileType = sourcecode.swift; path = AsyncType.swift; sourceTree = "<group>"; };
		FR_725450243539 /* Info.plist */ = {isa = PBXFileReference; lastKnownFileType = text.plist.xml; path = Info.plist; sourceTree = "<group>"; };
		FR_737503139158 /* ResultTests.swift */ = {isa = PBXFileReference; lastKnownFileType = sourcecode.swift; path = ResultTests.swift; sourceTree = "<group>"; };
		FR_763057275314 /* Result.framework */ = {isa = PBXFileReference; lastKnownFileType = wrapper.framework; path = Result.framework; sourceTree = "<group>"; };
		FR_775249980290 /* BrightFuturesUnitTests.xctest */ = {isa = PBXFileReference; includeInIndex = 0; lastKnownFileType = wrapper.cfbundle; path = BrightFuturesUnitTests.xctest; sourceTree = BUILT_PRODUCTS_DIR; };
		FR_834870766049 /* AsyncType+Debug.swift */ = {isa = PBXFileReference; lastKnownFileType = sourcecode.swift; path = "AsyncType+Debug.swift"; sourceTree = "<group>"; };
		FR_871592382090 /* ErrorsTests.swift */ = {isa = PBXFileReference; lastKnownFileType = sourcecode.swift; path = ErrorsTests.swift; sourceTree = "<group>"; };
		FR_890787336997 /* Number+BrightFutures.swift */ = {isa = PBXFileReference; lastKnownFileType = sourcecode.swift; path = "Number+BrightFutures.swift"; sourceTree = "<group>"; };
/* End PBXFileReference section */

/* Begin PBXFrameworksBuildPhase section */
		FBP_19365569965 /* Frameworks */ = {
			isa = PBXFrameworksBuildPhase;
			buildActionMask = 2147483647;
			files = (
				BF_295157306865 /* Result.framework in Frameworks */,
			);
			runOnlyForDeploymentPostprocessing = 0;
		};
		FBP_28960874457 /* Frameworks */ = {
			isa = PBXFrameworksBuildPhase;
			buildActionMask = 2147483647;
			files = (
				BF_847578762417 /* Result.framework in Frameworks */,
			);
			runOnlyForDeploymentPostprocessing = 0;
		};
		FBP_32363685476 /* Frameworks */ = {
			isa = PBXFrameworksBuildPhase;
			buildActionMask = 2147483647;
			files = (
				BF_645097505204 /* Result.framework in Frameworks */,
			);
			runOnlyForDeploymentPostprocessing = 0;
		};
		FBP_39231666389 /* Frameworks */ = {
			isa = PBXFrameworksBuildPhase;
			buildActionMask = 2147483647;
			files = (
				BF_306884611048 /* Result.framework in Frameworks */,
			);
			runOnlyForDeploymentPostprocessing = 0;
		};
		FBP_41022731112 /* Frameworks */ = {
			isa = PBXFrameworksBuildPhase;
			buildActionMask = 2147483647;
			files = (
				BF_853090237140 /* Result.framework in Frameworks */,
				BF_344914576194 /* BrightFutures.framework in Frameworks */,
			);
			runOnlyForDeploymentPostprocessing = 0;
		};
		FBP_47759552060 /* Frameworks */ = {
			isa = PBXFrameworksBuildPhase;
			buildActionMask = 2147483647;
			files = (
				BF_296161795866 /* Result.framework in Frameworks */,
				BF_544117242151 /* BrightFutures.framework in Frameworks */,
			);
			runOnlyForDeploymentPostprocessing = 0;
		};
		FBP_58283053123 /* Frameworks */ = {
			isa = PBXFrameworksBuildPhase;
			buildActionMask = 2147483647;
			files = (
				BF_691058952034 /* Result.framework in Frameworks */,
				BF_444278974296 /* BrightFutures.framework in Frameworks */,
			);
			runOnlyForDeploymentPostprocessing = 0;
		};
		FBP_77524998029 /* Frameworks */ = {
			isa = PBXFrameworksBuildPhase;
			buildActionMask = 2147483647;
			files = (
				BF_281360398515 /* Result.framework in Frameworks */,
				BF_240083490599 /* BrightFutures.framework in Frameworks */,
			);
			runOnlyForDeploymentPostprocessing = 0;
		};
/* End PBXFrameworksBuildPhase section */

/* Begin PBXGroup section */
		G_1063291353716 /* iOS */ = {
			isa = PBXGroup;
			children = (
			);
			path = iOS;
			sourceTree = "<group>";
		};
		G_1806497128596 /* BrightFutures */ = {
			isa = PBXGroup;
			children = (
				G_7036031567708 /* Core */,
				G_7232387570322 /* iOS */,
				G_8868043813702 /* macOS */,
				G_6984163183654 /* tvOS */,
				G_8737572055831 /* watchOS */,
			);
			path = BrightFutures;
			sourceTree = "<group>";
		};
		G_1952740716080 /* Frameworks */ = {
			isa = PBXGroup;
			children = (
				G_2883690153011 /* Carthage */,
			);
			name = Frameworks;
			sourceTree = "<group>";
		};
		G_2262017438925 /* iOS */ = {
			isa = PBXGroup;
			children = (
				FR_763057275314 /* Result.framework */,
			);
			path = iOS;
			sourceTree = "<group>";
		};
		G_2262017442691 /* Mac */ = {
			isa = PBXGroup;
			children = (
				FR_131384036341 /* Result.framework */,
			);
			path = Mac;
			sourceTree = "<group>";
		};
		G_2883690153011 /* Carthage */ = {
			isa = PBXGroup;
			children = (
				G_2262017442691 /* Mac */,
				G_2262017438925 /* iOS */,
				G_8628897169668 /* tvOS */,
				G_8244488572839 /* watchOS */,
			);
			name = Carthage;
			path = Carthage/Build;
			sourceTree = "<group>";
		};
		G_4799464745106 /* Tests */ = {
			isa = PBXGroup;
			children = (
				G_7300313298165 /* BrightFuturesUnitTests */,
			);
			path = Tests;
			sourceTree = "<group>";
		};
		G_5832938755987 /* Core */ = {
			isa = PBXGroup;
			children = (
				FR_314043187135 /* BrightFuturesTests.swift */,
				FR_871592382090 /* ErrorsTests.swift */,
				FR_553323075973 /* ExecutionContextTests.swift */,
				FR_350473159873 /* FutureDebugTests.swift */,
				FR_725450243539 /* Info.plist */,
				FR_337555537900 /* InvalidationTokenTests.swift */,
				FR_472175362710 /* NSOperationQueueTests.swift */,
				FR_267366333607 /* PromiseTests.swift */,
				FR_351967037487 /* QueueTests.swift */,
				FR_737503139158 /* ResultTests.swift */,
			);
			path = Core;
			sourceTree = "<group>";
		};
		G_5832938758763 /* tvOS */ = {
			isa = PBXGroup;
			children = (
			);
			path = tvOS;
			sourceTree = "<group>";
		};
		G_6984163183654 /* tvOS */ = {
			isa = PBXGroup;
			children = (
			);
			path = tvOS;
			sourceTree = "<group>";
		};
		G_7036031567708 /* Core */ = {
			isa = PBXGroup;
			children = (
				FR_171080455908 /* Async.swift */,
				FR_834870766049 /* AsyncType+Debug.swift */,
				FR_116138071781 /* AsyncType+ResultType.swift */,
				FR_707954741551 /* AsyncType.swift */,
				FR_107698336297 /* Dispatch+BrightFutures.swift */,
				FR_482395138481 /* Errors.swift */,
				FR_543560233285 /* ExecutionContext.swift */,
				FR_480938011949 /* Future.swift */,
				FR_234262778218 /* InvalidationToken.swift */,
				FR_227505310244 /* MutableAsyncType+ResultType.swift */,
				FR_494993621646 /* MutableAsyncType.swift */,
				FR_150794406910 /* NSOperationQueue+BrightFutures.swift */,
				FR_890787336997 /* Number+BrightFutures.swift */,
				FR_139672448824 /* Promise.swift */,
				FR_363441923599 /* Result+BrightFutures.swift */,
				FR_629639612584 /* SequenceType+BrightFutures.swift */,
			);
			path = Core;
			sourceTree = "<group>";
		};
		G_7222374513078 /* macOS */ = {
			isa = PBXGroup;
			children = (
			);
			path = macOS;
			sourceTree = "<group>";
		};
		G_7232387570322 /* iOS */ = {
			isa = PBXGroup;
			children = (
			);
			path = iOS;
			sourceTree = "<group>";
		};
		G_7300313298165 /* BrightFuturesUnitTests */ = {
			isa = PBXGroup;
			children = (
				G_5832938755987 /* Core */,
				G_1063291353716 /* iOS */,
				G_7222374513078 /* macOS */,
				G_5832938758763 /* tvOS */,
				G_8157075690202 /* watchOS */,
			);
			path = BrightFuturesUnitTests;
			sourceTree = "<group>";
		};
		G_8157075690202 /* watchOS */ = {
			isa = PBXGroup;
			children = (
			);
			path = watchOS;
			sourceTree = "<group>";
		};
		G_8244488572839 /* watchOS */ = {
			isa = PBXGroup;
			children = (
				FR_584425140013 /* Result.framework */,
			);
			path = watchOS;
			sourceTree = "<group>";
		};
		G_8448771205358 = {
			isa = PBXGroup;
			children = (
				G_1952740716080 /* Frameworks */,
				G_8620238527590 /* Products */,
				G_8934779235101 /* Sources */,
				G_4799464745106 /* Tests */,
			);
			indentWidth = 2;
			sourceTree = "<group>";
			usesTabs = 0;
		};
		G_8620238527590 /* Products */ = {
			isa = PBXGroup;
			children = (
				FR_193655699655 /* BrightFutures.framework */,
				FR_323636854761 /* BrightFutures.framework */,
				FR_289608744573 /* BrightFutures.framework */,
				FR_392316663894 /* BrightFutures.framework */,
				FR_775249980290 /* BrightFuturesUnitTests.xctest */,
				FR_582830531238 /* BrightFuturesUnitTests.xctest */,
				FR_410227311123 /* BrightFuturesUnitTests.xctest */,
				FR_477595520608 /* BrightFuturesUnitTests.xctest */,
			);
			name = Products;
			sourceTree = "<group>";
		};
		G_8628897169668 /* tvOS */ = {
			isa = PBXGroup;
			children = (
				FR_669811003841 /* Result.framework */,
			);
			path = tvOS;
			sourceTree = "<group>";
		};
		G_8737572055831 /* watchOS */ = {
			isa = PBXGroup;
			children = (
			);
			path = watchOS;
			sourceTree = "<group>";
		};
		G_8868043813702 /* macOS */ = {
			isa = PBXGroup;
			children = (
			);
			path = macOS;
			sourceTree = "<group>";
		};
		G_8934779235101 /* Sources */ = {
			isa = PBXGroup;
			children = (
				G_1806497128596 /* BrightFutures */,
			);
			path = Sources;
			sourceTree = "<group>";
		};
/* End PBXGroup section */

/* Begin PBXNativeTarget section */
		NT_193655699655 /* BrightFutures-macOS */ = {
			isa = PBXNativeTarget;
			buildConfigurationList = CL_193655699655 /* Build configuration list for PBXNativeTarget "BrightFutures-macOS" */;
			buildPhases = (
				SBP_19365569965 /* Sources */,
				FBP_19365569965 /* Frameworks */,
			);
			buildRules = (
			);
			dependencies = (
			);
			name = "BrightFutures-macOS";
			productName = "BrightFutures-macOS";
			productReference = FR_193655699655 /* BrightFutures.framework */;
			productType = "com.apple.product-type.framework";
		};
		NT_289608744573 /* BrightFutures-tvOS */ = {
			isa = PBXNativeTarget;
			buildConfigurationList = CL_289608744573 /* Build configuration list for PBXNativeTarget "BrightFutures-tvOS" */;
			buildPhases = (
				SBP_28960874457 /* Sources */,
				FBP_28960874457 /* Frameworks */,
			);
			buildRules = (
			);
			dependencies = (
			);
			name = "BrightFutures-tvOS";
			productName = "BrightFutures-tvOS";
			productReference = FR_289608744573 /* BrightFutures.framework */;
			productType = "com.apple.product-type.framework";
		};
		NT_323636854761 /* BrightFutures-watchOS */ = {
			isa = PBXNativeTarget;
			buildConfigurationList = CL_323636854761 /* Build configuration list for PBXNativeTarget "BrightFutures-watchOS" */;
			buildPhases = (
				SBP_32363685476 /* Sources */,
				FBP_32363685476 /* Frameworks */,
			);
			buildRules = (
			);
			dependencies = (
			);
			name = "BrightFutures-watchOS";
			productName = "BrightFutures-watchOS";
			productReference = FR_323636854761 /* BrightFutures.framework */;
			productType = "com.apple.product-type.framework";
		};
		NT_392316663894 /* BrightFutures-iOS */ = {
			isa = PBXNativeTarget;
			buildConfigurationList = CL_392316663894 /* Build configuration list for PBXNativeTarget "BrightFutures-iOS" */;
			buildPhases = (
				SBP_39231666389 /* Sources */,
				FBP_39231666389 /* Frameworks */,
			);
			buildRules = (
			);
			dependencies = (
			);
			name = "BrightFutures-iOS";
			productName = "BrightFutures-iOS";
			productReference = FR_392316663894 /* BrightFutures.framework */;
			productType = "com.apple.product-type.framework";
		};
		NT_410227311123 /* BrightFuturesUnitTests-watchOS */ = {
			isa = PBXNativeTarget;
			buildConfigurationList = CL_410227311123 /* Build configuration list for PBXNativeTarget "BrightFuturesUnitTests-watchOS" */;
			buildPhases = (
				SBP_41022731112 /* Sources */,
				FBP_41022731112 /* Frameworks */,
				SSBP_4105437740 /* Carthage */,
			);
			buildRules = (
			);
			dependencies = (
				TD_248279845563 /* PBXTargetDependency */,
			);
			name = "BrightFuturesUnitTests-watchOS";
			productName = "BrightFuturesUnitTests-watchOS";
			productReference = FR_410227311123 /* BrightFuturesUnitTests.xctest */;
			productType = "com.apple.product-type.bundle.unit-test";
		};
		NT_477595520608 /* BrightFuturesUnitTests-macOS */ = {
			isa = PBXNativeTarget;
			buildConfigurationList = CL_477595520608 /* Build configuration list for PBXNativeTarget "BrightFuturesUnitTests-macOS" */;
			buildPhases = (
				SBP_47759552060 /* Sources */,
				FBP_47759552060 /* Frameworks */,
				CFBP_6396368171 /* CopyFiles */,
			);
			buildRules = (
			);
			dependencies = (
				TD_474245412782 /* PBXTargetDependency */,
			);
			name = "BrightFuturesUnitTests-macOS";
			productName = "BrightFuturesUnitTests-macOS";
			productReference = FR_477595520608 /* BrightFuturesUnitTests.xctest */;
			productType = "com.apple.product-type.bundle.unit-test";
		};
		NT_582830531238 /* BrightFuturesUnitTests-iOS */ = {
			isa = PBXNativeTarget;
			buildConfigurationList = CL_582830531238 /* Build configuration list for PBXNativeTarget "BrightFuturesUnitTests-iOS" */;
			buildPhases = (
				SBP_58283053123 /* Sources */,
				FBP_58283053123 /* Frameworks */,
				SSBP_1697792026 /* Carthage */,
			);
			buildRules = (
			);
			dependencies = (
				TD_456332302703 /* PBXTargetDependency */,
			);
			name = "BrightFuturesUnitTests-iOS";
			productName = "BrightFuturesUnitTests-iOS";
			productReference = FR_582830531238 /* BrightFuturesUnitTests.xctest */;
			productType = "com.apple.product-type.bundle.unit-test";
		};
		NT_775249980290 /* BrightFuturesUnitTests-tvOS */ = {
			isa = PBXNativeTarget;
			buildConfigurationList = CL_775249980290 /* Build configuration list for PBXNativeTarget "BrightFuturesUnitTests-tvOS" */;
			buildPhases = (
				SBP_77524998029 /* Sources */,
				FBP_77524998029 /* Frameworks */,
				SSBP_8162101915 /* Carthage */,
			);
			buildRules = (
			);
			dependencies = (
				TD_230282524008 /* PBXTargetDependency */,
			);
			name = "BrightFuturesUnitTests-tvOS";
			productName = "BrightFuturesUnitTests-tvOS";
			productReference = FR_775249980290 /* BrightFuturesUnitTests.xctest */;
			productType = "com.apple.product-type.bundle.unit-test";
		};
/* End PBXNativeTarget section */

/* Begin PBXProject section */
		P_1056384915034 /* Project object */ = {
			isa = PBXProject;
			attributes = {
				LastUpgradeCheck = 0920;
			};
			buildConfigurationList = CL_105638491503 /* Build configuration list for PBXProject "BrightFutures" */;
			compatibilityVersion = "Xcode 3.2";
			developmentRegion = en;
			hasScannedForEncodings = 0;
			knownRegions = (
				en,
			);
			mainGroup = G_8448771205358;
			projectDirPath = "";
			projectRoot = "";
			targets = (
				NT_392316663894 /* BrightFutures-iOS */,
				NT_193655699655 /* BrightFutures-macOS */,
				NT_289608744573 /* BrightFutures-tvOS */,
				NT_323636854761 /* BrightFutures-watchOS */,
				NT_582830531238 /* BrightFuturesUnitTests-iOS */,
				NT_477595520608 /* BrightFuturesUnitTests-macOS */,
				NT_775249980290 /* BrightFuturesUnitTests-tvOS */,
				NT_410227311123 /* BrightFuturesUnitTests-watchOS */,
			);
		};
/* End PBXProject section */

/* Begin PBXShellScriptBuildPhase section */
		SSBP_1697792026 /* Carthage */ = {
			isa = PBXShellScriptBuildPhase;
			buildActionMask = 2147483647;
			files = (
			);
			inputPaths = (
				"$(SRCROOT)/Carthage/Build/iOS/Result.framework",
			);
			name = Carthage;
			outputPaths = (
				"$(BUILT_PRODUCTS_DIR)/$(FRAMEWORKS_FOLDER_PATH)/Result.framework",
			);
			runOnlyForDeploymentPostprocessing = 0;
			shellPath = /bin/sh;
			shellScript = "carthage copy-frameworks\n";
			showEnvVarsInLog = 0;
		};
		SSBP_4105437740 /* Carthage */ = {
			isa = PBXShellScriptBuildPhase;
			buildActionMask = 2147483647;
			files = (
			);
			inputPaths = (
				"$(SRCROOT)/Carthage/Build/watchOS/Result.framework",
			);
			name = Carthage;
			outputPaths = (
				"$(BUILT_PRODUCTS_DIR)/$(FRAMEWORKS_FOLDER_PATH)/Result.framework",
			);
			runOnlyForDeploymentPostprocessing = 0;
			shellPath = /bin/sh;
			shellScript = "carthage copy-frameworks\n";
			showEnvVarsInLog = 0;
		};
		SSBP_8162101915 /* Carthage */ = {
			isa = PBXShellScriptBuildPhase;
			buildActionMask = 2147483647;
			files = (
			);
			inputPaths = (
				"$(SRCROOT)/Carthage/Build/tvOS/Result.framework",
			);
			name = Carthage;
			outputPaths = (
				"$(BUILT_PRODUCTS_DIR)/$(FRAMEWORKS_FOLDER_PATH)/Result.framework",
			);
			runOnlyForDeploymentPostprocessing = 0;
			shellPath = /bin/sh;
			shellScript = "carthage copy-frameworks\n";
			showEnvVarsInLog = 0;
		};
/* End PBXShellScriptBuildPhase section */

/* Begin PBXSourcesBuildPhase section */
		SBP_19365569965 /* Sources */ = {
			isa = PBXSourcesBuildPhase;
			buildActionMask = 2147483647;
			files = (
				BF_325414686970 /* Async.swift in Sources */,
				BF_436722490356 /* AsyncType+Debug.swift in Sources */,
				BF_247648245671 /* AsyncType+ResultType.swift in Sources */,
				BF_110661437502 /* AsyncType.swift in Sources */,
				BF_803719442321 /* Dispatch+BrightFutures.swift in Sources */,
				BF_416328902025 /* Errors.swift in Sources */,
				BF_797622985468 /* ExecutionContext.swift in Sources */,
				BF_432360225149 /* Future.swift in Sources */,
				BF_646666199496 /* InvalidationToken.swift in Sources */,
				BF_439429449578 /* MutableAsyncType+ResultType.swift in Sources */,
				BF_127246665284 /* MutableAsyncType.swift in Sources */,
				BF_247851152439 /* NSOperationQueue+BrightFutures.swift in Sources */,
				BF_137573868913 /* Number+BrightFutures.swift in Sources */,
				BF_573815463130 /* Promise.swift in Sources */,
				BF_234303348071 /* Result+BrightFutures.swift in Sources */,
				BF_498007743164 /* SequenceType+BrightFutures.swift in Sources */,
			);
			runOnlyForDeploymentPostprocessing = 0;
		};
		SBP_28960874457 /* Sources */ = {
			isa = PBXSourcesBuildPhase;
			buildActionMask = 2147483647;
			files = (
				BF_812816517126 /* Async.swift in Sources */,
				BF_113347649212 /* AsyncType+Debug.swift in Sources */,
				BF_222893972534 /* AsyncType+ResultType.swift in Sources */,
				BF_196943327472 /* AsyncType.swift in Sources */,
				BF_499021974389 /* Dispatch+BrightFutures.swift in Sources */,
				BF_506579419458 /* Errors.swift in Sources */,
				BF_284619951709 /* ExecutionContext.swift in Sources */,
				BF_663194144293 /* Future.swift in Sources */,
				BF_259902398751 /* InvalidationToken.swift in Sources */,
				BF_539896024536 /* MutableAsyncType+ResultType.swift in Sources */,
				BF_680883538857 /* MutableAsyncType.swift in Sources */,
				BF_411399571895 /* NSOperationQueue+BrightFutures.swift in Sources */,
				BF_901246654619 /* Number+BrightFutures.swift in Sources */,
				BF_288391698356 /* Promise.swift in Sources */,
				BF_213764479718 /* Result+BrightFutures.swift in Sources */,
				BF_877301300454 /* SequenceType+BrightFutures.swift in Sources */,
			);
			runOnlyForDeploymentPostprocessing = 0;
		};
		SBP_32363685476 /* Sources */ = {
			isa = PBXSourcesBuildPhase;
			buildActionMask = 2147483647;
			files = (
				BF_657949453694 /* Async.swift in Sources */,
				BF_731823190645 /* AsyncType+Debug.swift in Sources */,
				BF_767470020873 /* AsyncType+ResultType.swift in Sources */,
				BF_492965067654 /* AsyncType.swift in Sources */,
				BF_409991536248 /* Dispatch+BrightFutures.swift in Sources */,
				BF_380997192957 /* Errors.swift in Sources */,
				BF_212298303650 /* ExecutionContext.swift in Sources */,
				BF_346922816286 /* Future.swift in Sources */,
				BF_630557246244 /* InvalidationToken.swift in Sources */,
				BF_913935146515 /* MutableAsyncType+ResultType.swift in Sources */,
				BF_563660929828 /* MutableAsyncType.swift in Sources */,
				BF_700207530859 /* NSOperationQueue+BrightFutures.swift in Sources */,
				BF_881838886005 /* Number+BrightFutures.swift in Sources */,
				BF_816531437684 /* Promise.swift in Sources */,
				BF_476803405726 /* Result+BrightFutures.swift in Sources */,
				BF_647450616502 /* SequenceType+BrightFutures.swift in Sources */,
			);
			runOnlyForDeploymentPostprocessing = 0;
		};
		SBP_39231666389 /* Sources */ = {
			isa = PBXSourcesBuildPhase;
			buildActionMask = 2147483647;
			files = (
				BF_599468866160 /* Async.swift in Sources */,
				BF_625215232854 /* AsyncType+Debug.swift in Sources */,
				BF_257460641309 /* AsyncType+ResultType.swift in Sources */,
				BF_546557826616 /* AsyncType.swift in Sources */,
				BF_546572965699 /* Dispatch+BrightFutures.swift in Sources */,
				BF_405116783827 /* Errors.swift in Sources */,
				BF_417714170472 /* ExecutionContext.swift in Sources */,
				BF_347825104741 /* Future.swift in Sources */,
				BF_838211782463 /* InvalidationToken.swift in Sources */,
				BF_930805392284 /* MutableAsyncType+ResultType.swift in Sources */,
				BF_654952557971 /* MutableAsyncType.swift in Sources */,
				BF_496153030500 /* NSOperationQueue+BrightFutures.swift in Sources */,
				BF_694800210501 /* Number+BrightFutures.swift in Sources */,
				BF_157125264763 /* Promise.swift in Sources */,
				BF_331062203251 /* Result+BrightFutures.swift in Sources */,
				BF_540024852281 /* SequenceType+BrightFutures.swift in Sources */,
			);
			runOnlyForDeploymentPostprocessing = 0;
		};
		SBP_41022731112 /* Sources */ = {
			isa = PBXSourcesBuildPhase;
			buildActionMask = 2147483647;
			files = (
				BF_921108577622 /* BrightFuturesTests.swift in Sources */,
				BF_315473688272 /* ErrorsTests.swift in Sources */,
				BF_184957381170 /* ExecutionContextTests.swift in Sources */,
				BF_238978401118 /* FutureDebugTests.swift in Sources */,
				BF_451224014160 /* InvalidationTokenTests.swift in Sources */,
				BF_913530557143 /* NSOperationQueueTests.swift in Sources */,
				BF_918069026819 /* PromiseTests.swift in Sources */,
				BF_699977170555 /* QueueTests.swift in Sources */,
				BF_759016305566 /* ResultTests.swift in Sources */,
			);
			runOnlyForDeploymentPostprocessing = 0;
		};
		SBP_47759552060 /* Sources */ = {
			isa = PBXSourcesBuildPhase;
			buildActionMask = 2147483647;
			files = (
				BF_105315557498 /* BrightFuturesTests.swift in Sources */,
				BF_280142603025 /* ErrorsTests.swift in Sources */,
				BF_321049540856 /* ExecutionContextTests.swift in Sources */,
				BF_200473615708 /* FutureDebugTests.swift in Sources */,
				BF_902463514438 /* InvalidationTokenTests.swift in Sources */,
				BF_560294571567 /* NSOperationQueueTests.swift in Sources */,
				BF_829260072737 /* PromiseTests.swift in Sources */,
				BF_163935741776 /* QueueTests.swift in Sources */,
				BF_334540872108 /* ResultTests.swift in Sources */,
			);
			runOnlyForDeploymentPostprocessing = 0;
		};
		SBP_58283053123 /* Sources */ = {
			isa = PBXSourcesBuildPhase;
			buildActionMask = 2147483647;
			files = (
				BF_533251450254 /* BrightFuturesTests.swift in Sources */,
				BF_212818418558 /* ErrorsTests.swift in Sources */,
				BF_462179538598 /* ExecutionContextTests.swift in Sources */,
				BF_406600449461 /* FutureDebugTests.swift in Sources */,
				BF_308640968499 /* InvalidationTokenTests.swift in Sources */,
				BF_276191555257 /* NSOperationQueueTests.swift in Sources */,
				BF_549187069575 /* PromiseTests.swift in Sources */,
				BF_669868255828 /* QueueTests.swift in Sources */,
				BF_759159319745 /* ResultTests.swift in Sources */,
			);
			runOnlyForDeploymentPostprocessing = 0;
		};
		SBP_77524998029 /* Sources */ = {
			isa = PBXSourcesBuildPhase;
			buildActionMask = 2147483647;
			files = (
				BF_799324643984 /* BrightFuturesTests.swift in Sources */,
				BF_324114232106 /* ErrorsTests.swift in Sources */,
				BF_259641496351 /* ExecutionContextTests.swift in Sources */,
				BF_556179549018 /* FutureDebugTests.swift in Sources */,
				BF_466940524908 /* InvalidationTokenTests.swift in Sources */,
				BF_349358313439 /* NSOperationQueueTests.swift in Sources */,
				BF_500397772877 /* PromiseTests.swift in Sources */,
				BF_667605744137 /* QueueTests.swift in Sources */,
				BF_896172091029 /* ResultTests.swift in Sources */,
			);
			runOnlyForDeploymentPostprocessing = 0;
		};
/* End PBXSourcesBuildPhase section */

/* Begin PBXTargetDependency section */
		TD_230282524008 /* PBXTargetDependency */ = {
			isa = PBXTargetDependency;
			target = NT_289608744573 /* BrightFutures-tvOS */;
			targetProxy = CIP_77524998029 /* PBXContainerItemProxy */;
		};
		TD_248279845563 /* PBXTargetDependency */ = {
			isa = PBXTargetDependency;
			target = NT_323636854761 /* BrightFutures-watchOS */;
			targetProxy = CIP_41022731112 /* PBXContainerItemProxy */;
		};
		TD_456332302703 /* PBXTargetDependency */ = {
			isa = PBXTargetDependency;
			target = NT_392316663894 /* BrightFutures-iOS */;
			targetProxy = CIP_58283053123 /* PBXContainerItemProxy */;
		};
		TD_474245412782 /* PBXTargetDependency */ = {
			isa = PBXTargetDependency;
			target = NT_193655699655 /* BrightFutures-macOS */;
			targetProxy = CIP_47759552060 /* PBXContainerItemProxy */;
		};
/* End PBXTargetDependency section */

/* Begin XCBuildConfiguration section */
		BC_153138436652 /* Debug */ = {
			isa = XCBuildConfiguration;
			buildSettings = {
				BUNDLE_LOADER = "$(TEST_HOST)";
				COMBINE_HIDPI_IMAGES = YES;
				FRAMEWORK_SEARCH_PATHS = (
					"$(inherited)",
					"$(PROJECT_DIR)/Carthage/Build/Mac",
				);
				INFOPLIST_FILE = Tests/Resources/BrightFutures/Core/Info.plist;
				LD_RUNPATH_SEARCH_PATHS = "$(inherited) @executable_path/../Frameworks @loader_path/../Frameworks";
				PRODUCT_BUNDLE_IDENTIFIER = "io.thecb4.BrightFuturesUnitTests-macOS";
				PRODUCT_NAME = BrightFuturesUnitTests;
				SDKROOT = macosx;
			};
			name = Debug;
		};
		BC_157531806217 /* Release */ = {
			isa = XCBuildConfiguration;
			buildSettings = {
				CODE_SIGN_IDENTITY = "";
				CURRENT_PROJECT_VERSION = 1;
				DEFINES_MODULE = YES;
				DYLIB_COMPATIBILITY_VERSION = 1;
				DYLIB_CURRENT_VERSION = 1;
				DYLIB_INSTALL_NAME_BASE = "@rpath";
				ENABLE_TESTABILITY = YES;
				FRAMEWORK_SEARCH_PATHS = (
					"$(inherited)",
					"$(PROJECT_DIR)/Carthage/Build/iOS",
				);
				INFOPLIST_FILE = Resources/BrightFutures/Core/Info.plist;
				INSTALL_PATH = "$(LOCAL_LIBRARY_DIR)/Frameworks";
				LD_RUNPATH_SEARCH_PATHS = "$(inherited) @executable_path/Frameworks";
				PRODUCT_BUNDLE_IDENTIFIER = "io.thecb4.BrightFutures-iOS";
				PRODUCT_NAME = BrightFutures;
				SDKROOT = iphoneos;
				SKIP_INSTALL = YES;
				TARGETED_DEVICE_FAMILY = "1,2";
				VERSIONING_SYSTEM = "apple-generic";
			};
			name = Release;
		};
		BC_214608588174 /* Release */ = {
			isa = XCBuildConfiguration;
			buildSettings = {
				BUNDLE_LOADER = "$(TEST_HOST)";
				COMBINE_HIDPI_IMAGES = YES;
				FRAMEWORK_SEARCH_PATHS = (
					"$(inherited)",
					"$(PROJECT_DIR)/Carthage/Build/Mac",
				);
				INFOPLIST_FILE = Tests/Resources/BrightFutures/Core/Info.plist;
				LD_RUNPATH_SEARCH_PATHS = "$(inherited) @executable_path/../Frameworks @loader_path/../Frameworks";
				PRODUCT_BUNDLE_IDENTIFIER = "io.thecb4.BrightFuturesUnitTests-macOS";
				PRODUCT_NAME = BrightFuturesUnitTests;
				SDKROOT = macosx;
			};
			name = Release;
		};
		BC_248392834362 /* Debug */ = {
			isa = XCBuildConfiguration;
			buildSettings = {
				CODE_SIGN_IDENTITY = "";
				COMBINE_HIDPI_IMAGES = YES;
				CURRENT_PROJECT_VERSION = 1;
				DEFINES_MODULE = YES;
				DYLIB_COMPATIBILITY_VERSION = 1;
				DYLIB_CURRENT_VERSION = 1;
				DYLIB_INSTALL_NAME_BASE = "@rpath";
				ENABLE_TESTABILITY = YES;
				FRAMEWORK_SEARCH_PATHS = (
					"$(inherited)",
					"$(PROJECT_DIR)/Carthage/Build/Mac",
				);
				INFOPLIST_FILE = Resources/BrightFutures/Core/Info.plist;
				INSTALL_PATH = "$(LOCAL_LIBRARY_DIR)/Frameworks";
				LD_RUNPATH_SEARCH_PATHS = "$(inherited) @executable_path/../Frameworks";
				PRODUCT_BUNDLE_IDENTIFIER = "io.thecb4.BrightFutures-macOS";
				PRODUCT_NAME = BrightFutures;
				SDKROOT = macosx;
				SKIP_INSTALL = YES;
				VERSIONING_SYSTEM = "apple-generic";
			};
			name = Debug;
		};
		BC_352392136945 /* Debug */ = {
			isa = XCBuildConfiguration;
			buildSettings = {
				CODE_SIGN_IDENTITY = "";
				CURRENT_PROJECT_VERSION = 1;
				DEFINES_MODULE = YES;
				DYLIB_COMPATIBILITY_VERSION = 1;
				DYLIB_CURRENT_VERSION = 1;
				DYLIB_INSTALL_NAME_BASE = "@rpath";
				ENABLE_TESTABILITY = YES;
				FRAMEWORK_SEARCH_PATHS = (
					"$(inherited)",
					"$(PROJECT_DIR)/Carthage/Build/watchOS",
				);
				INFOPLIST_FILE = Resources/BrightFutures/Core/Info.plist;
				INSTALL_PATH = "$(LOCAL_LIBRARY_DIR)/Frameworks";
				PRODUCT_BUNDLE_IDENTIFIER = "io.thecb4.BrightFutures-watchOS";
				PRODUCT_NAME = BrightFutures;
				SDKROOT = watchos;
				SKIP_INSTALL = YES;
				TARGETED_DEVICE_FAMILY = 4;
				VERSIONING_SYSTEM = "apple-generic";
			};
			name = Debug;
		};
		BC_385930419186 /* Release */ = {
			isa = XCBuildConfiguration;
			buildSettings = {
				CODE_SIGN_IDENTITY = "";
				CURRENT_PROJECT_VERSION = 1;
				DEFINES_MODULE = YES;
				DYLIB_COMPATIBILITY_VERSION = 1;
				DYLIB_CURRENT_VERSION = 1;
				DYLIB_INSTALL_NAME_BASE = "@rpath";
				ENABLE_TESTABILITY = YES;
				FRAMEWORK_SEARCH_PATHS = (
					"$(inherited)",
					"$(PROJECT_DIR)/Carthage/Build/watchOS",
				);
				INFOPLIST_FILE = Resources/BrightFutures/Core/Info.plist;
				INSTALL_PATH = "$(LOCAL_LIBRARY_DIR)/Frameworks";
				PRODUCT_BUNDLE_IDENTIFIER = "io.thecb4.BrightFutures-watchOS";
				PRODUCT_NAME = BrightFutures;
				SDKROOT = watchos;
				SKIP_INSTALL = YES;
				TARGETED_DEVICE_FAMILY = 4;
				VERSIONING_SYSTEM = "apple-generic";
			};
			name = Release;
		};
		BC_393313863271 /* Debug */ = {
			isa = XCBuildConfiguration;
			buildSettings = {
				CODE_SIGN_IDENTITY = "";
				CURRENT_PROJECT_VERSION = 1;
				DEFINES_MODULE = YES;
				DYLIB_COMPATIBILITY_VERSION = 1;
				DYLIB_CURRENT_VERSION = 1;
				DYLIB_INSTALL_NAME_BASE = "@rpath";
				ENABLE_TESTABILITY = YES;
				FRAMEWORK_SEARCH_PATHS = (
					"$(inherited)",
					"$(PROJECT_DIR)/Carthage/Build/tvOS",
				);
				INFOPLIST_FILE = Resources/BrightFutures/Core/Info.plist;
				INSTALL_PATH = "$(LOCAL_LIBRARY_DIR)/Frameworks";
				LD_RUNPATH_SEARCH_PATHS = "$(inherited) @executable_path/Frameworks";
				PRODUCT_BUNDLE_IDENTIFIER = "io.thecb4.BrightFutures-tvOS";
				PRODUCT_NAME = BrightFutures;
				SDKROOT = appletvos;
				SKIP_INSTALL = YES;
				TARGETED_DEVICE_FAMILY = 3;
				VERSIONING_SYSTEM = "apple-generic";
			};
			name = Debug;
		};
		BC_415913275248 /* Release */ = {
			isa = XCBuildConfiguration;
			buildSettings = {
				BUNDLE_LOADER = "$(TEST_HOST)";
				FRAMEWORK_SEARCH_PATHS = (
					"$(inherited)",
					"$(PROJECT_DIR)/Carthage/Build/watchOS",
				);
				INFOPLIST_FILE = Tests/Resources/BrightFutures/Core/Info.plist;
				LD_RUNPATH_SEARCH_PATHS = "$(inherited) @executable_path/Frameworks @loader_path/Frameworks";
				PRODUCT_BUNDLE_IDENTIFIER = "io.thecb4.BrightFuturesUnitTests-watchOS";
				PRODUCT_NAME = BrightFuturesUnitTests;
				SDKROOT = watchos;
				SKIP_INSTALL = YES;
				TARGETED_DEVICE_FAMILY = 4;
			};
			name = Release;
		};
		BC_479945831424 /* Debug */ = {
			isa = XCBuildConfiguration;
			buildSettings = {
				ALWAYS_SEARCH_USER_PATHS = NO;
				CLANG_ANALYZER_NONNULL = YES;
				CLANG_ANALYZER_NUMBER_OBJECT_CONVERSION = YES_AGGRESSIVE;
				CLANG_CXX_LANGUAGE_STANDARD = "gnu++14";
				CLANG_CXX_LIBRARY = "libc++";
				CLANG_ENABLE_MODULES = YES;
				CLANG_ENABLE_OBJC_ARC = YES;
				CLANG_WARN_BLOCK_CAPTURE_AUTORELEASING = YES;
				CLANG_WARN_BOOL_CONVERSION = YES;
				CLANG_WARN_COMMA = YES;
				CLANG_WARN_CONSTANT_CONVERSION = YES;
				CLANG_WARN_DIRECT_OBJC_ISA_USAGE = YES_ERROR;
				CLANG_WARN_DOCUMENTATION_COMMENTS = YES;
				CLANG_WARN_EMPTY_BODY = YES;
				CLANG_WARN_ENUM_CONVERSION = YES;
				CLANG_WARN_INFINITE_RECURSION = YES;
				CLANG_WARN_INT_CONVERSION = YES;
				CLANG_WARN_NON_LITERAL_NULL_CONVERSION = YES;
				CLANG_WARN_OBJC_LITERAL_CONVERSION = YES;
				CLANG_WARN_OBJC_ROOT_CLASS = YES_ERROR;
				CLANG_WARN_RANGE_LOOP_ANALYSIS = YES;
				CLANG_WARN_STRICT_PROTOTYPES = YES;
				CLANG_WARN_SUSPICIOUS_MOVE = YES;
				CLANG_WARN_UNGUARDED_AVAILABILITY = YES_AGGRESSIVE;
				CLANG_WARN_UNREACHABLE_CODE = YES;
				CLANG_WARN__DUPLICATE_METHOD_MATCH = YES;
				COPY_PHASE_STRIP = NO;
				DEBUG_INFORMATION_FORMAT = dwarf;
				ENABLE_STRICT_OBJC_MSGSEND = YES;
				ENABLE_TESTABILITY = YES;
				GCC_C_LANGUAGE_STANDARD = gnu11;
				GCC_DYNAMIC_NO_PIC = NO;
				GCC_NO_COMMON_BLOCKS = YES;
				GCC_OPTIMIZATION_LEVEL = 0;
				GCC_PREPROCESSOR_DEFINITIONS = (
					"$(inherited)",
					"DEBUG=1",
				);
				GCC_WARN_64_TO_32_BIT_CONVERSION = YES;
				GCC_WARN_ABOUT_RETURN_TYPE = YES_ERROR;
				GCC_WARN_UNDECLARED_SELECTOR = YES;
				GCC_WARN_UNINITIALIZED_AUTOS = YES_AGGRESSIVE;
				GCC_WARN_UNUSED_FUNCTION = YES;
				GCC_WARN_UNUSED_VARIABLE = YES;
				MTL_ENABLE_DEBUG_INFO = YES;
				ONLY_ACTIVE_ARCH = YES;
				PRODUCT_NAME = "$(TARGET_NAME)";
				SWIFT_ACTIVE_COMPILATION_CONDITIONS = DEBUG;
				SWIFT_OPTIMIZATION_LEVEL = "-Onone";
				SWIFT_VERSION = 4.0;
			};
			name = Debug;
		};
		BC_564937891381 /* Debug */ = {
			isa = XCBuildConfiguration;
			buildSettings = {
				BUNDLE_LOADER = "$(TEST_HOST)";
				FRAMEWORK_SEARCH_PATHS = (
					"$(inherited)",
					"$(PROJECT_DIR)/Carthage/Build/tvOS",
				);
				INFOPLIST_FILE = Tests/Resources/BrightFutures/Core/Info.plist;
				LD_RUNPATH_SEARCH_PATHS = "$(inherited) @executable_path/Frameworks @loader_path/Frameworks";
				PRODUCT_BUNDLE_IDENTIFIER = "io.thecb4.BrightFuturesUnitTests-tvOS";
				PRODUCT_NAME = BrightFuturesUnitTests;
				SDKROOT = appletvos;
				TARGETED_DEVICE_FAMILY = 3;
			};
			name = Debug;
		};
		BC_602237004354 /* Release */ = {
			isa = XCBuildConfiguration;
			buildSettings = {
				BUNDLE_LOADER = "$(TEST_HOST)";
				FRAMEWORK_SEARCH_PATHS = (
					"$(inherited)",
					"$(PROJECT_DIR)/Carthage/Build/iOS",
				);
				INFOPLIST_FILE = Tests/Resources/BrightFutures/Core/Info.plist;
				LD_RUNPATH_SEARCH_PATHS = "$(inherited) @executable_path/Frameworks @loader_path/Frameworks";
				PRODUCT_BUNDLE_IDENTIFIER = "io.thecb4.BrightFuturesUnitTests-iOS";
				PRODUCT_NAME = BrightFuturesUnitTests;
				SDKROOT = iphoneos;
				TARGETED_DEVICE_FAMILY = "1,2";
			};
			name = Release;
		};
		BC_650614239308 /* Release */ = {
			isa = XCBuildConfiguration;
			buildSettings = {
				CODE_SIGN_IDENTITY = "";
				COMBINE_HIDPI_IMAGES = YES;
				CURRENT_PROJECT_VERSION = 1;
				DEFINES_MODULE = YES;
				DYLIB_COMPATIBILITY_VERSION = 1;
				DYLIB_CURRENT_VERSION = 1;
				DYLIB_INSTALL_NAME_BASE = "@rpath";
				ENABLE_TESTABILITY = YES;
				FRAMEWORK_SEARCH_PATHS = (
					"$(inherited)",
					"$(PROJECT_DIR)/Carthage/Build/Mac",
				);
				INFOPLIST_FILE = Resources/BrightFutures/Core/Info.plist;
				INSTALL_PATH = "$(LOCAL_LIBRARY_DIR)/Frameworks";
				LD_RUNPATH_SEARCH_PATHS = "$(inherited) @executable_path/../Frameworks";
				PRODUCT_BUNDLE_IDENTIFIER = "io.thecb4.BrightFutures-macOS";
				PRODUCT_NAME = BrightFutures;
				SDKROOT = macosx;
				SKIP_INSTALL = YES;
				VERSIONING_SYSTEM = "apple-generic";
			};
			name = Release;
		};
		BC_799021971464 /* Release */ = {
			isa = XCBuildConfiguration;
			buildSettings = {
				BUNDLE_LOADER = "$(TEST_HOST)";
				FRAMEWORK_SEARCH_PATHS = (
					"$(inherited)",
					"$(PROJECT_DIR)/Carthage/Build/tvOS",
				);
				INFOPLIST_FILE = Tests/Resources/BrightFutures/Core/Info.plist;
				LD_RUNPATH_SEARCH_PATHS = "$(inherited) @executable_path/Frameworks @loader_path/Frameworks";
				PRODUCT_BUNDLE_IDENTIFIER = "io.thecb4.BrightFuturesUnitTests-tvOS";
				PRODUCT_NAME = BrightFuturesUnitTests;
				SDKROOT = appletvos;
				TARGETED_DEVICE_FAMILY = 3;
			};
			name = Release;
		};
		BC_809855895391 /* Debug */ = {
			isa = XCBuildConfiguration;
			buildSettings = {
				BUNDLE_LOADER = "$(TEST_HOST)";
				FRAMEWORK_SEARCH_PATHS = (
					"$(inherited)",
					"$(PROJECT_DIR)/Carthage/Build/watchOS",
				);
				INFOPLIST_FILE = Tests/Resources/BrightFutures/Core/Info.plist;
				LD_RUNPATH_SEARCH_PATHS = "$(inherited) @executable_path/Frameworks @loader_path/Frameworks";
				PRODUCT_BUNDLE_IDENTIFIER = "io.thecb4.BrightFuturesUnitTests-watchOS";
				PRODUCT_NAME = BrightFuturesUnitTests;
				SDKROOT = watchos;
				SKIP_INSTALL = YES;
				TARGETED_DEVICE_FAMILY = 4;
			};
			name = Debug;
		};
		BC_825366748290 /* Release */ = {
			isa = XCBuildConfiguration;
			buildSettings = {
				CODE_SIGN_IDENTITY = "";
				CURRENT_PROJECT_VERSION = 1;
				DEFINES_MODULE = YES;
				DYLIB_COMPATIBILITY_VERSION = 1;
				DYLIB_CURRENT_VERSION = 1;
				DYLIB_INSTALL_NAME_BASE = "@rpath";
				ENABLE_TESTABILITY = YES;
				FRAMEWORK_SEARCH_PATHS = (
					"$(inherited)",
					"$(PROJECT_DIR)/Carthage/Build/tvOS",
				);
				INFOPLIST_FILE = Resources/BrightFutures/Core/Info.plist;
				INSTALL_PATH = "$(LOCAL_LIBRARY_DIR)/Frameworks";
				LD_RUNPATH_SEARCH_PATHS = "$(inherited) @executable_path/Frameworks";
				PRODUCT_BUNDLE_IDENTIFIER = "io.thecb4.BrightFutures-tvOS";
				PRODUCT_NAME = BrightFutures;
				SDKROOT = appletvos;
				SKIP_INSTALL = YES;
				TARGETED_DEVICE_FAMILY = 3;
				VERSIONING_SYSTEM = "apple-generic";
			};
			name = Release;
		};
		BC_832889950407 /* Debug */ = {
			isa = XCBuildConfiguration;
			buildSettings = {
				CODE_SIGN_IDENTITY = "";
				CURRENT_PROJECT_VERSION = 1;
				DEFINES_MODULE = YES;
				DYLIB_COMPATIBILITY_VERSION = 1;
				DYLIB_CURRENT_VERSION = 1;
				DYLIB_INSTALL_NAME_BASE = "@rpath";
				ENABLE_TESTABILITY = YES;
				FRAMEWORK_SEARCH_PATHS = (
					"$(inherited)",
					"$(PROJECT_DIR)/Carthage/Build/iOS",
				);
				INFOPLIST_FILE = Resources/BrightFutures/Core/Info.plist;
				INSTALL_PATH = "$(LOCAL_LIBRARY_DIR)/Frameworks";
				LD_RUNPATH_SEARCH_PATHS = "$(inherited) @executable_path/Frameworks";
				PRODUCT_BUNDLE_IDENTIFIER = "io.thecb4.BrightFutures-iOS";
				PRODUCT_NAME = BrightFutures;
				SDKROOT = iphoneos;
				SKIP_INSTALL = YES;
				TARGETED_DEVICE_FAMILY = "1,2";
				VERSIONING_SYSTEM = "apple-generic";
			};
			name = Debug;
		};
		BC_881114754245 /* Release */ = {
			isa = XCBuildConfiguration;
			buildSettings = {
				ALWAYS_SEARCH_USER_PATHS = NO;
				CLANG_ANALYZER_NONNULL = YES;
				CLANG_ANALYZER_NUMBER_OBJECT_CONVERSION = YES_AGGRESSIVE;
				CLANG_CXX_LANGUAGE_STANDARD = "gnu++14";
				CLANG_CXX_LIBRARY = "libc++";
				CLANG_ENABLE_MODULES = YES;
				CLANG_ENABLE_OBJC_ARC = YES;
				CLANG_WARN_BLOCK_CAPTURE_AUTORELEASING = YES;
				CLANG_WARN_BOOL_CONVERSION = YES;
				CLANG_WARN_COMMA = YES;
				CLANG_WARN_CONSTANT_CONVERSION = YES;
				CLANG_WARN_DIRECT_OBJC_ISA_USAGE = YES_ERROR;
				CLANG_WARN_DOCUMENTATION_COMMENTS = YES;
				CLANG_WARN_EMPTY_BODY = YES;
				CLANG_WARN_ENUM_CONVERSION = YES;
				CLANG_WARN_INFINITE_RECURSION = YES;
				CLANG_WARN_INT_CONVERSION = YES;
				CLANG_WARN_NON_LITERAL_NULL_CONVERSION = YES;
				CLANG_WARN_OBJC_LITERAL_CONVERSION = YES;
				CLANG_WARN_OBJC_ROOT_CLASS = YES_ERROR;
				CLANG_WARN_RANGE_LOOP_ANALYSIS = YES;
				CLANG_WARN_STRICT_PROTOTYPES = YES;
				CLANG_WARN_SUSPICIOUS_MOVE = YES;
				CLANG_WARN_UNGUARDED_AVAILABILITY = YES_AGGRESSIVE;
				CLANG_WARN_UNREACHABLE_CODE = YES;
				CLANG_WARN__DUPLICATE_METHOD_MATCH = YES;
				COPY_PHASE_STRIP = NO;
				DEBUG_INFORMATION_FORMAT = "dwarf-with-dsym";
				ENABLE_NS_ASSERTIONS = NO;
				ENABLE_STRICT_OBJC_MSGSEND = YES;
				GCC_C_LANGUAGE_STANDARD = gnu11;
				GCC_NO_COMMON_BLOCKS = YES;
				GCC_WARN_64_TO_32_BIT_CONVERSION = YES;
				GCC_WARN_ABOUT_RETURN_TYPE = YES_ERROR;
				GCC_WARN_UNDECLARED_SELECTOR = YES;
				GCC_WARN_UNINITIALIZED_AUTOS = YES_AGGRESSIVE;
				GCC_WARN_UNUSED_FUNCTION = YES;
				GCC_WARN_UNUSED_VARIABLE = YES;
				PRODUCT_NAME = "$(TARGET_NAME)";
				SWIFT_OPTIMIZATION_LEVEL = "-Owholemodule";
				SWIFT_VERSION = 4.0;
				VALIDATE_PRODUCT = YES;
			};
			name = Release;
		};
		BC_891603062428 /* Debug */ = {
			isa = XCBuildConfiguration;
			buildSettings = {
				BUNDLE_LOADER = "$(TEST_HOST)";
				FRAMEWORK_SEARCH_PATHS = (
					"$(inherited)",
					"$(PROJECT_DIR)/Carthage/Build/iOS",
				);
				INFOPLIST_FILE = Tests/Resources/BrightFutures/Core/Info.plist;
				LD_RUNPATH_SEARCH_PATHS = "$(inherited) @executable_path/Frameworks @loader_path/Frameworks";
				PRODUCT_BUNDLE_IDENTIFIER = "io.thecb4.BrightFuturesUnitTests-iOS";
				PRODUCT_NAME = BrightFuturesUnitTests;
				SDKROOT = iphoneos;
				TARGETED_DEVICE_FAMILY = "1,2";
			};
			name = Debug;
		};
/* End XCBuildConfiguration section */

/* Begin XCConfigurationList section */
		CL_105638491503 /* Build configuration list for PBXProject "BrightFutures" */ = {
			isa = XCConfigurationList;
			buildConfigurations = (
				BC_479945831424 /* Debug */,
				BC_881114754245 /* Release */,
			);
			defaultConfigurationIsVisible = 0;
			defaultConfigurationName = Debug;
		};
		CL_193655699655 /* Build configuration list for PBXNativeTarget "BrightFutures-macOS" */ = {
			isa = XCConfigurationList;
			buildConfigurations = (
				BC_248392834362 /* Debug */,
				BC_650614239308 /* Release */,
			);
			defaultConfigurationIsVisible = 0;
			defaultConfigurationName = "";
		};
		CL_289608744573 /* Build configuration list for PBXNativeTarget "BrightFutures-tvOS" */ = {
			isa = XCConfigurationList;
			buildConfigurations = (
				BC_393313863271 /* Debug */,
				BC_825366748290 /* Release */,
			);
			defaultConfigurationIsVisible = 0;
			defaultConfigurationName = "";
		};
		CL_323636854761 /* Build configuration list for PBXNativeTarget "BrightFutures-watchOS" */ = {
			isa = XCConfigurationList;
			buildConfigurations = (
				BC_352392136945 /* Debug */,
				BC_385930419186 /* Release */,
			);
			defaultConfigurationIsVisible = 0;
			defaultConfigurationName = "";
		};
		CL_392316663894 /* Build configuration list for PBXNativeTarget "BrightFutures-iOS" */ = {
			isa = XCConfigurationList;
			buildConfigurations = (
				BC_832889950407 /* Debug */,
				BC_157531806217 /* Release */,
			);
			defaultConfigurationIsVisible = 0;
			defaultConfigurationName = "";
		};
		CL_410227311123 /* Build configuration list for PBXNativeTarget "BrightFuturesUnitTests-watchOS" */ = {
			isa = XCConfigurationList;
			buildConfigurations = (
				BC_809855895391 /* Debug */,
				BC_415913275248 /* Release */,
			);
			defaultConfigurationIsVisible = 0;
			defaultConfigurationName = "";
		};
		CL_477595520608 /* Build configuration list for PBXNativeTarget "BrightFuturesUnitTests-macOS" */ = {
			isa = XCConfigurationList;
			buildConfigurations = (
				BC_153138436652 /* Debug */,
				BC_214608588174 /* Release */,
			);
			defaultConfigurationIsVisible = 0;
			defaultConfigurationName = "";
		};
		CL_582830531238 /* Build configuration list for PBXNativeTarget "BrightFuturesUnitTests-iOS" */ = {
			isa = XCConfigurationList;
			buildConfigurations = (
				BC_891603062428 /* Debug */,
				BC_602237004354 /* Release */,
			);
			defaultConfigurationIsVisible = 0;
			defaultConfigurationName = "";
		};
		CL_775249980290 /* Build configuration list for PBXNativeTarget "BrightFuturesUnitTests-tvOS" */ = {
			isa = XCConfigurationList;
			buildConfigurations = (
				BC_564937891381 /* Debug */,
				BC_799021971464 /* Release */,
			);
			defaultConfigurationIsVisible = 0;
			defaultConfigurationName = "";
		};
/* End XCConfigurationList section */
	};
	rootObject = P_1056384915034 /* Project object */;
}
